PODS:
  - lottie-ios (3.5.0)
  - Swinject (2.0.0)

DEPENDENCIES:
  - lottie-ios
  - Swinject (~> 2.0.0)

SPEC REPOS:
  trunk:
    - lottie-ios
    - Swinject

SPEC CHECKSUMS:
  lottie-ios: c55158d67d0629a260625cc2ded2052b829e3c3e
  Swinject: 2e964a80d70ab09b3949c99032711f89147bfd60

PODFILE CHECKSUM: 5fa8f8d8842bee536c40a7b6001aaa06148d2a88

COCOAPODS: 1.11.3
